
Microsoft Visual Studio Solution File, Format Version 12.00
# Visual Studio Version 17
VisualStudioVersion = 17.0.31903.59
MinimumVisualStudioVersion = 10.0.40219.1
Project("{2150E333-8FDC-42A3-9474-1A3956D46DE8}") = "src", "src", "{827E0CD3-B72D-47B6-A68D-7590B98EB39B}"
EndProject
Project("{FAE04EC0-301F-11D3-BF4B-00C04F79EFBC}") = "WiiiiGotThis.Application", "src\WiiiiGotThis.Application\WiiiiGotThis.Application.csproj", "{EAEA60EA-5AA6-454B-8E14-6490F24F6AEF}"
EndProject
Project("{FAE04EC0-301F-11D3-BF4B-00C04F79EFBC}") = "WiiiiGotThis.Domain", "src\WiiiiGotThis.Domain\WiiiiGotThis.Domain.csproj", "{BB645F27-5161-4C1B-AF39-58C8F6444211}"
EndProject
Project("{FAE04EC0-301F-11D3-BF4B-00C04F79EFBC}") = "WiiiiGotThis.Contracts", "src\WiiiiGotThis.Contracts\WiiiiGotThis.Contracts.csproj", "{AD218570-C5A5-4467-A126-07454791F87C}"
EndProject
Project("{FAE04EC0-301F-11D3-BF4B-00C04F79EFBC}") = "WiiiiGotThis.Desktop", "src\WiiiiGotThis.Desktop\WiiiiGotThis.Desktop.csproj", "{822D5EC2-90D8-40FF-A2CD-B29789367125}"
EndProject
Project("{FAE04EC0-301F-11D3-BF4B-00C04F79EFBC}") = "WiiiiGotThis.Infrastructure", "src\WiiiiGotThis.Infrastructure\WiiiiGotThis.Infrastructure.csproj", "{DE26001B-8AC3-4AC1-8F41-6FC6BA4B2953}"
EndProject
Project("{FAE04EC0-301F-11D3-BF4B-00C04F79EFBC}") = "WiiiiGotThis.Integrations.Reference", "src\WiiiiGotThis.Integrations.Reference\WiiiiGotThis.Integrations.Reference.csproj", "{B7FAD81E-4DE7-4FBA-9176-A1806D682B1B}"
EndProject
Project("{FAE04EC0-301F-11D3-BF4B-00C04F79EFBC}") = "WiiiiGotThis.Presentation", "src\WiiiiGotThis.Presentation\WiiiiGotThis.Presentation.csproj", "{E941DC6D-5C37-4265-8E84-CD04EB7835D1}"
EndProject
Project("{FAE04EC0-301F-11D3-BF4B-00C04F79EFBC}") = "WiiiiGotThis.iOS", "src\WiiiiGotThis.iOS\WiiiiGotThis.iOS.csproj", "{86F0A889-CBCD-44A0-8398-7218B8665183}"
EndProject
Project("{2150E333-8FDC-42A3-9474-1A3956D46DE8}") = "tests", "tests", "{0AB3BF05-4346-4AA6-1389-037BE0695223}"
EndProject
Project("{FAE04EC0-301F-11D3-BF4B-00C04F79EFBC}") = "WiiiiGotThis.Application.Tests", "tests\WiiiiGotThis.Application.Tests\WiiiiGotThis.Application.Tests.csproj", "{A098F0DC-F83A-4BF1-8C0E-2B28FE662AC1}"
EndProject
Project("{FAE04EC0-301F-11D3-BF4B-00C04F79EFBC}") = "WiiiiGotThis.Domain.Tests", "tests\WiiiiGotThis.Domain.Tests\WiiiiGotThis.Domain.Tests.csproj", "{D017DF03-C586-40D3-AE00-AD86C6C7BBAD}"
EndProject
Project("{FAE04EC0-301F-11D3-BF4B-00C04F79EFBC}") = "WiiiiGotThis.Infrastructure.Tests", "tests\WiiiiGotThis.Infrastructure.Tests\WiiiiGotThis.Infrastructure.Tests.csproj", "{54EE5444-8D19-4659-99B9-152A62F7959F}"
EndProject
Project("{FAE04EC0-301F-11D3-BF4B-00C04F79EFBC}") = "WiiiiGotThis.Integration.Tests", "tests\WiiiiGotThis.Integration.Tests\WiiiiGotThis.Integration.Tests.csproj", "{C2E75442-2107-4D70-ACCF-C536CDEE8E4F}"
EndProject
Project("{FAE04EC0-301F-11D3-BF4B-00C04F79EFBC}") = "WiiiiGotThis.Integrations.Vocation", "src\WiiiiGotThis.Integrations.Vocation\WiiiiGotThis.Integrations.Vocation.csproj", "{6CE26CCE-5052-424A-B983-2FF938A61E7C}"
EndProject
Global
	GlobalSection(SolutionConfigurationPlatforms) = preSolution
		Debug|Any CPU = Debug|Any CPU
		Debug|x64 = Debug|x64
		Debug|x86 = Debug|x86
		Release|Any CPU = Release|Any CPU
		Release|x64 = Release|x64
		Release|x86 = Release|x86
	EndGlobalSection
	GlobalSection(ProjectConfigurationPlatforms) = postSolution
		{EAEA60EA-5AA6-454B-8E14-6490F24F6AEF}.Debug|Any CPU.ActiveCfg = Debug|Any CPU
		{EAEA60EA-5AA6-454B-8E14-6490F24F6AEF}.Debug|Any CPU.Build.0 = Debug|Any CPU
		{EAEA60EA-5AA6-454B-8E14-6490F24F6AEF}.Debug|x64.ActiveCfg = Debug|Any CPU
		{EAEA60EA-5AA6-454B-8E14-6490F24F6AEF}.Debug|x64.Build.0 = Debug|Any CPU
		{EAEA60EA-5AA6-454B-8E14-6490F24F6AEF}.Debug|x86.ActiveCfg = Debug|Any CPU
		{EAEA60EA-5AA6-454B-8E14-6490F24F6AEF}.Debug|x86.Build.0 = Debug|Any CPU
		{EAEA60EA-5AA6-454B-8E14-6490F24F6AEF}.Release|Any CPU.ActiveCfg = Release|Any CPU
		{EAEA60EA-5AA6-454B-8E14-6490F24F6AEF}.Release|Any CPU.Build.0 = Release|Any CPU
		{EAEA60EA-5AA6-454B-8E14-6490F24F6AEF}.Release|x64.ActiveCfg = Release|Any CPU
		{EAEA60EA-5AA6-454B-8E14-6490F24F6AEF}.Release|x64.Build.0 = Release|Any CPU
		{EAEA60EA-5AA6-454B-8E14-6490F24F6AEF}.Release|x86.ActiveCfg = Release|Any CPU
		{EAEA60EA-5AA6-454B-8E14-6490F24F6AEF}.Release|x86.Build.0 = Release|Any CPU
		{BB645F27-5161-4C1B-AF39-58C8F6444211}.Debug|Any CPU.ActiveCfg = Debug|Any CPU
		{BB645F27-5161-4C1B-AF39-58C8F6444211}.Debug|Any CPU.Build.0 = Debug|Any CPU
		{BB645F27-5161-4C1B-AF39-58C8F6444211}.Debug|x64.ActiveCfg = Debug|Any CPU
		{BB645F27-5161-4C1B-AF39-58C8F6444211}.Debug|x64.Build.0 = Debug|Any CPU
		{BB645F27-5161-4C1B-AF39-58C8F6444211}.Debug|x86.ActiveCfg = Debug|Any CPU
		{BB645F27-5161-4C1B-AF39-58C8F6444211}.Debug|x86.Build.0 = Debug|Any CPU
		{BB645F27-5161-4C1B-AF39-58C8F6444211}.Release|Any CPU.ActiveCfg = Release|Any CPU
		{BB645F27-5161-4C1B-AF39-58C8F6444211}.Release|Any CPU.Build.0 = Release|Any CPU
		{BB645F27-5161-4C1B-AF39-58C8F6444211}.Release|x64.ActiveCfg = Release|Any CPU
		{BB645F27-5161-4C1B-AF39-58C8F6444211}.Release|x64.Build.0 = Release|Any CPU
		{BB645F27-5161-4C1B-AF39-58C8F6444211}.Release|x86.ActiveCfg = Release|Any CPU
		{BB645F27-5161-4C1B-AF39-58C8F6444211}.Release|x86.Build.0 = Release|Any CPU
		{AD218570-C5A5-4467-A126-07454791F87C}.Debug|Any CPU.ActiveCfg = Debug|Any CPU
		{AD218570-C5A5-4467-A126-07454791F87C}.Debug|Any CPU.Build.0 = Debug|Any CPU
		{AD218570-C5A5-4467-A126-07454791F87C}.Debug|x64.ActiveCfg = Debug|Any CPU
		{AD218570-C5A5-4467-A126-07454791F87C}.Debug|x64.Build.0 = Debug|Any CPU
		{AD218570-C5A5-4467-A126-07454791F87C}.Debug|x86.ActiveCfg = Debug|Any CPU
		{AD218570-C5A5-4467-A126-07454791F87C}.Debug|x86.Build.0 = Debug|Any CPU
		{AD218570-C5A5-4467-A126-07454791F87C}.Release|Any CPU.ActiveCfg = Release|Any CPU
		{AD218570-C5A5-4467-A126-07454791F87C}.Release|Any CPU.Build.0 = Release|Any CPU
		{AD218570-C5A5-4467-A126-07454791F87C}.Release|x64.ActiveCfg = Release|Any CPU
		{AD218570-C5A5-4467-A126-07454791F87C}.Release|x64.Build.0 = Release|Any CPU
		{AD218570-C5A5-4467-A126-07454791F87C}.Release|x86.ActiveCfg = Release|Any CPU
		{AD218570-C5A5-4467-A126-07454791F87C}.Release|x86.Build.0 = Release|Any CPU
		{822D5EC2-90D8-40FF-A2CD-B29789367125}.Debug|Any CPU.ActiveCfg = Debug|Any CPU
		{822D5EC2-90D8-40FF-A2CD-B29789367125}.Debug|Any CPU.Build.0 = Debug|Any CPU
		{822D5EC2-90D8-40FF-A2CD-B29789367125}.Debug|x64.ActiveCfg = Debug|Any CPU
		{822D5EC2-90D8-40FF-A2CD-B29789367125}.Debug|x64.Build.0 = Debug|Any CPU
		{822D5EC2-90D8-40FF-A2CD-B29789367125}.Debug|x86.ActiveCfg = Debug|Any CPU
		{822D5EC2-90D8-40FF-A2CD-B29789367125}.Debug|x86.Build.0 = Debug|Any CPU
		{822D5EC2-90D8-40FF-A2CD-B29789367125}.Release|Any CPU.ActiveCfg = Release|Any CPU
		{822D5EC2-90D8-40FF-A2CD-B29789367125}.Release|Any CPU.Build.0 = Release|Any CPU
		{822D5EC2-90D8-40FF-A2CD-B29789367125}.Release|x64.ActiveCfg = Release|Any CPU
		{822D5EC2-90D8-40FF-A2CD-B29789367125}.Release|x64.Build.0 = Release|Any CPU
		{822D5EC2-90D8-40FF-A2CD-B29789367125}.Release|x86.ActiveCfg = Release|Any CPU
		{822D5EC2-90D8-40FF-A2CD-B29789367125}.Release|x86.Build.0 = Release|Any CPU
		{DE26001B-8AC3-4AC1-8F41-6FC6BA4B2953}.Debug|Any CPU.ActiveCfg = Debug|Any CPU
		{DE26001B-8AC3-4AC1-8F41-6FC6BA4B2953}.Debug|Any CPU.Build.0 = Debug|Any CPU
		{DE26001B-8AC3-4AC1-8F41-6FC6BA4B2953}.Debug|x64.ActiveCfg = Debug|Any CPU
		{DE26001B-8AC3-4AC1-8F41-6FC6BA4B2953}.Debug|x64.Build.0 = Debug|Any CPU
		{DE26001B-8AC3-4AC1-8F41-6FC6BA4B2953}.Debug|x86.ActiveCfg = Debug|Any CPU
		{DE26001B-8AC3-4AC1-8F41-6FC6BA4B2953}.Debug|x86.Build.0 = Debug|Any CPU
		{DE26001B-8AC3-4AC1-8F41-6FC6BA4B2953}.Release|Any CPU.ActiveCfg = Release|Any CPU
		{DE26001B-8AC3-4AC1-8F41-6FC6BA4B2953}.Release|Any CPU.Build.0 = Release|Any CPU
		{DE26001B-8AC3-4AC1-8F41-6FC6BA4B2953}.Release|x64.ActiveCfg = Release|Any CPU
		{DE26001B-8AC3-4AC1-8F41-6FC6BA4B2953}.Release|x64.Build.0 = Release|Any CPU
		{DE26001B-8AC3-4AC1-8F41-6FC6BA4B2953}.Release|x86.ActiveCfg = Release|Any CPU
		{DE26001B-8AC3-4AC1-8F41-6FC6BA4B2953}.Release|x86.Build.0 = Release|Any CPU
		{B7FAD81E-4DE7-4FBA-9176-A1806D682B1B}.Debug|Any CPU.ActiveCfg = Debug|Any CPU
		{B7FAD81E-4DE7-4FBA-9176-A1806D682B1B}.Debug|Any CPU.Build.0 = Debug|Any CPU
		{B7FAD81E-4DE7-4FBA-9176-A1806D682B1B}.Debug|x64.ActiveCfg = Debug|Any CPU
		{B7FAD81E-4DE7-4FBA-9176-A1806D682B1B}.Debug|x64.Build.0 = Debug|Any CPU
		{B7FAD81E-4DE7-4FBA-9176-A1806D682B1B}.Debug|x86.ActiveCfg = Debug|Any CPU
		{B7FAD81E-4DE7-4FBA-9176-A1806D682B1B}.Debug|x86.Build.0 = Debug|Any CPU
		{B7FAD81E-4DE7-4FBA-9176-A1806D682B1B}.Release|Any CPU.ActiveCfg = Release|Any CPU
		{B7FAD81E-4DE7-4FBA-9176-A1806D682B1B}.Release|Any CPU.Build.0 = Release|Any CPU
		{B7FAD81E-4DE7-4FBA-9176-A1806D682B1B}.Release|x64.ActiveCfg = Release|Any CPU
		{B7FAD81E-4DE7-4FBA-9176-A1806D682B1B}.Release|x64.Build.0 = Release|Any CPU
		{B7FAD81E-4DE7-4FBA-9176-A1806D682B1B}.Release|x86.ActiveCfg = Release|Any CPU
		{B7FAD81E-4DE7-4FBA-9176-A1806D682B1B}.Release|x86.Build.0 = Release|Any CPU
		{E941DC6D-5C37-4265-8E84-CD04EB7835D1}.Debug|Any CPU.ActiveCfg = Debug|Any CPU
		{E941DC6D-5C37-4265-8E84-CD04EB7835D1}.Debug|Any CPU.Build.0 = Debug|Any CPU
		{E941DC6D-5C37-4265-8E84-CD04EB7835D1}.Debug|x64.ActiveCfg = Debug|Any CPU
		{E941DC6D-5C37-4265-8E84-CD04EB7835D1}.Debug|x64.Build.0 = Debug|Any CPU
		{E941DC6D-5C37-4265-8E84-CD04EB7835D1}.Debug|x86.ActiveCfg = Debug|Any CPU
		{E941DC6D-5C37-4265-8E84-CD04EB7835D1}.Debug|x86.Build.0 = Debug|Any CPU
		{E941DC6D-5C37-4265-8E84-CD04EB7835D1}.Release|Any CPU.ActiveCfg = Release|Any CPU
		{E941DC6D-5C37-4265-8E84-CD04EB7835D1}.Release|Any CPU.Build.0 = Release|Any CPU
		{E941DC6D-5C37-4265-8E84-CD04EB7835D1}.Release|x64.ActiveCfg = Release|Any CPU
		{E941DC6D-5C37-4265-8E84-CD04EB7835D1}.Release|x64.Build.0 = Release|Any CPU
		{E941DC6D-5C37-4265-8E84-CD04EB7835D1}.Release|x86.ActiveCfg = Release|Any CPU
		{E941DC6D-5C37-4265-8E84-CD04EB7835D1}.Release|x86.Build.0 = Release|Any CPU
		{86F0A889-CBCD-44A0-8398-7218B8665183}.Debug|Any CPU.ActiveCfg = Debug|Any CPU
		{86F0A889-CBCD-44A0-8398-7218B8665183}.Debug|Any CPU.Build.0 = Debug|Any CPU
		{86F0A889-CBCD-44A0-8398-7218B8665183}.Debug|x64.ActiveCfg = Debug|Any CPU
		{86F0A889-CBCD-44A0-8398-7218B8665183}.Debug|x64.Build.0 = Debug|Any CPU
		{86F0A889-CBCD-44A0-8398-7218B8665183}.Debug|x86.ActiveCfg = Debug|Any CPU
		{86F0A889-CBCD-44A0-8398-7218B8665183}.Debug|x86.Build.0 = Debug|Any CPU
		{86F0A889-CBCD-44A0-8398-7218B8665183}.Release|Any CPU.ActiveCfg = Release|Any CPU
		{86F0A889-CBCD-44A0-8398-7218B8665183}.Release|Any CPU.Build.0 = Release|Any CPU
		{86F0A889-CBCD-44A0-8398-7218B8665183}.Release|x64.ActiveCfg = Release|Any CPU
		{86F0A889-CBCD-44A0-8398-7218B8665183}.Release|x64.Build.0 = Release|Any CPU
		{86F0A889-CBCD-44A0-8398-7218B8665183}.Release|x86.ActiveCfg = Release|Any CPU
		{86F0A889-CBCD-44A0-8398-7218B8665183}.Release|x86.Build.0 = Release|Any CPU
		{A098F0DC-F83A-4BF1-8C0E-2B28FE662AC1}.Debug|Any CPU.ActiveCfg = Debug|Any CPU
		{A098F0DC-F83A-4BF1-8C0E-2B28FE662AC1}.Debug|Any CPU.Build.0 = Debug|Any CPU
		{A098F0DC-F83A-4BF1-8C0E-2B28FE662AC1}.Debug|x64.ActiveCfg = Debug|Any CPU
		{A098F0DC-F83A-4BF1-8C0E-2B28FE662AC1}.Debug|x64.Build.0 = Debug|Any CPU
		{A098F0DC-F83A-4BF1-8C0E-2B28FE662AC1}.Debug|x86.ActiveCfg = Debug|Any CPU
		{A098F0DC-F83A-4BF1-8C0E-2B28FE662AC1}.Debug|x86.Build.0 = Debug|Any CPU
		{A098F0DC-F83A-4BF1-8C0E-2B28FE662AC1}.Release|Any CPU.ActiveCfg = Release|Any CPU
		{A098F0DC-F83A-4BF1-8C0E-2B28FE662AC1}.Release|Any CPU.Build.0 = Release|Any CPU
		{A098F0DC-F83A-4BF1-8C0E-2B28FE662AC1}.Release|x64.ActiveCfg = Release|Any CPU
		{A098F0DC-F83A-4BF1-8C0E-2B28FE662AC1}.Release|x64.Build.0 = Release|Any CPU
		{A098F0DC-F83A-4BF1-8C0E-2B28FE662AC1}.Release|x86.ActiveCfg = Release|Any CPU
		{A098F0DC-F83A-4BF1-8C0E-2B28FE662AC1}.Release|x86.Build.0 = Release|Any CPU
		{D017DF03-C586-40D3-AE00-AD86C6C7BBAD}.Debug|Any CPU.ActiveCfg = Debug|Any CPU
		{D017DF03-C586-40D3-AE00-AD86C6C7BBAD}.Debug|Any CPU.Build.0 = Debug|Any CPU
		{D017DF03-C586-40D3-AE00-AD86C6C7BBAD}.Debug|x64.ActiveCfg = Debug|Any CPU
		{D017DF03-C586-40D3-AE00-AD86C6C7BBAD}.Debug|x64.Build.0 = Debug|Any CPU
		{D017DF03-C586-40D3-AE00-AD86C6C7BBAD}.Debug|x86.ActiveCfg = Debug|Any CPU
		{D017DF03-C586-40D3-AE00-AD86C6C7BBAD}.Debug|x86.Build.0 = Debug|Any CPU
		{D017DF03-C586-40D3-AE00-AD86C6C7BBAD}.Release|Any CPU.ActiveCfg = Release|Any CPU
		{D017DF03-C586-40D3-AE00-AD86C6C7BBAD}.Release|Any CPU.Build.0 = Release|Any CPU
		{D017DF03-C586-40D3-AE00-AD86C6C7BBAD}.Release|x64.ActiveCfg = Release|Any CPU
		{D017DF03-C586-40D3-AE00-AD86C6C7BBAD}.Release|x64.Build.0 = Release|Any CPU
		{D017DF03-C586-40D3-AE00-AD86C6C7BBAD}.Release|x86.ActiveCfg = Release|Any CPU
		{D017DF03-C586-40D3-AE00-AD86C6C7BBAD}.Release|x86.Build.0 = Release|Any CPU
		{54EE5444-8D19-4659-99B9-152A62F7959F}.Debug|Any CPU.ActiveCfg = Debug|Any CPU
		{54EE5444-8D19-4659-99B9-152A62F7959F}.Debug|Any CPU.Build.0 = Debug|Any CPU
		{54EE5444-8D19-4659-99B9-152A62F7959F}.Debug|x64.ActiveCfg = Debug|Any CPU
		{54EE5444-8D19-4659-99B9-152A62F7959F}.Debug|x64.Build.0 = Debug|Any CPU
		{54EE5444-8D19-4659-99B9-152A62F7959F}.Debug|x86.ActiveCfg = Debug|Any CPU
		{54EE5444-8D19-4659-99B9-152A62F7959F}.Debug|x86.Build.0 = Debug|Any CPU
		{54EE5444-8D19-4659-99B9-152A62F7959F}.Release|Any CPU.ActiveCfg = Release|Any CPU
		{54EE5444-8D19-4659-99B9-152A62F7959F}.Release|Any CPU.Build.0 = Release|Any CPU
		{54EE5444-8D19-4659-99B9-152A62F7959F}.Release|x64.ActiveCfg = Release|Any CPU
		{54EE5444-8D19-4659-99B9-152A62F7959F}.Release|x64.Build.0 = Release|Any CPU
		{54EE5444-8D19-4659-99B9-152A62F7959F}.Release|x86.ActiveCfg = Release|Any CPU
		{54EE5444-8D19-4659-99B9-152A62F7959F}.Release|x86.Build.0 = Release|Any CPU
		{C2E75442-2107-4D70-ACCF-C536CDEE8E4F}.Debug|Any CPU.ActiveCfg = Debug|Any CPU
		{C2E75442-2107-4D70-ACCF-C536CDEE8E4F}.Debug|Any CPU.Build.0 = Debug|Any CPU
		{C2E75442-2107-4D70-ACCF-C536CDEE8E4F}.Debug|x64.ActiveCfg = Debug|Any CPU
		{C2E75442-2107-4D70-ACCF-C536CDEE8E4F}.Debug|x64.Build.0 = Debug|Any CPU
		{C2E75442-2107-4D70-ACCF-C536CDEE8E4F}.Debug|x86.ActiveCfg = Debug|Any CPU
		{C2E75442-2107-4D70-ACCF-C536CDEE8E4F}.Debug|x86.Build.0 = Debug|Any CPU
		{C2E75442-2107-4D70-ACCF-C536CDEE8E4F}.Release|Any CPU.ActiveCfg = Release|Any CPU
		{C2E75442-2107-4D70-ACCF-C536CDEE8E4F}.Release|Any CPU.Build.0 = Release|Any CPU
		{C2E75442-2107-4D70-ACCF-C536CDEE8E4F}.Release|x64.ActiveCfg = Release|Any CPU
		{C2E75442-2107-4D70-ACCF-C536CDEE8E4F}.Release|x64.Build.0 = Release|Any CPU
		{C2E75442-2107-4D70-ACCF-C536CDEE8E4F}.Release|x86.ActiveCfg = Release|Any CPU
		{C2E75442-2107-4D70-ACCF-C536CDEE8E4F}.Release|x86.Build.0 = Release|Any CPU
		{6CE26CCE-5052-424A-B983-2FF938A61E7C}.Debug|Any CPU.ActiveCfg = Debug|Any CPU
		{6CE26CCE-5052-424A-B983-2FF938A61E7C}.Debug|Any CPU.Build.0 = Debug|Any CPU
		{6CE26CCE-5052-424A-B983-2FF938A61E7C}.Debug|x64.ActiveCfg = Debug|Any CPU
		{6CE26CCE-5052-424A-B983-2FF938A61E7C}.Debug|x64.Build.0 = Debug|Any CPU
		{6CE26CCE-5052-424A-B983-2FF938A61E7C}.Debug|x86.ActiveCfg = Debug|Any CPU
		{6CE26CCE-5052-424A-B983-2FF938A61E7C}.Debug|x86.Build.0 = Debug|Any CPU
		{6CE26CCE-5052-424A-B983-2FF938A61E7C}.Release|Any CPU.ActiveCfg = Release|Any CPU
		{6CE26CCE-5052-424A-B983-2FF938A61E7C}.Release|Any CPU.Build.0 = Release|Any CPU
		{6CE26CCE-5052-424A-B983-2FF938A61E7C}.Release|x64.ActiveCfg = Release|Any CPU
		{6CE26CCE-5052-424A-B983-2FF938A61E7C}.Release|x64.Build.0 = Release|Any CPU
		{6CE26CCE-5052-424A-B983-2FF938A61E7C}.Release|x86.ActiveCfg = Release|Any CPU
		{6CE26CCE-5052-424A-B983-2FF938A61E7C}.Release|x86.Build.0 = Release|Any CPU
	EndGlobalSection
	GlobalSection(SolutionProperties) = preSolution
		HideSolutionNode = FALSE
	EndGlobalSection
	GlobalSection(NestedProjects) = preSolution
		{EAEA60EA-5AA6-454B-8E14-6490F24F6AEF} = {827E0CD3-B72D-47B6-A68D-7590B98EB39B}
		{BB645F27-5161-4C1B-AF39-58C8F6444211} = {827E0CD3-B72D-47B6-A68D-7590B98EB39B}
		{AD218570-C5A5-4467-A126-07454791F87C} = {827E0CD3-B72D-47B6-A68D-7590B98EB39B}
		{822D5EC2-90D8-40FF-A2CD-B29789367125} = {827E0CD3-B72D-47B6-A68D-7590B98EB39B}
		{DE26001B-8AC3-4AC1-8F41-6FC6BA4B2953} = {827E0CD3-B72D-47B6-A68D-7590B98EB39B}
		{B7FAD81E-4DE7-4FBA-9176-A1806D682B1B} = {827E0CD3-B72D-47B6-A68D-7590B98EB39B}
		{E941DC6D-5C37-4265-8E84-CD04EB7835D1} = {827E0CD3-B72D-47B6-A68D-7590B98EB39B}
		{86F0A889-CBCD-44A0-8398-7218B8665183} = {827E0CD3-B72D-47B6-A68D-7590B98EB39B}
		{A098F0DC-F83A-4BF1-8C0E-2B28FE662AC1} = {0AB3BF05-4346-4AA6-1389-037BE0695223}
		{D017DF03-C586-40D3-AE00-AD86C6C7BBAD} = {0AB3BF05-4346-4AA6-1389-037BE0695223}
		{54EE5444-8D19-4659-99B9-152A62F7959F} = {0AB3BF05-4346-4AA6-1389-037BE0695223}
		{C2E75442-2107-4D70-ACCF-C536CDEE8E4F} = {0AB3BF05-4346-4AA6-1389-037BE0695223}
		{6CE26CCE-5052-424A-B983-2FF938A61E7C} = {827E0CD3-B72D-47B6-A68D-7590B98EB39B}
	EndGlobalSection
EndGlobal
